
Microsoft Visual Studio Solution File, Format Version 12.00
# Visual Studio Version 16
VisualStudioVersion = 16.0.30717.126
MinimumVisualStudioVersion = 10.0.40219.1
Project("{FAE04EC0-301F-11D3-BF4B-00C04F79EFBC}") = "24.12.2020_ornek2", "24.12.2020_ornek2\24.12.2020_ornek2.csproj", "{1E1EE61A-AE58-4127-9E54-9C2A7AC9DC70}"
EndProject
Global
	GlobalSection(SolutionConfigurationPlatforms) = preSolution
		Debug|Any CPU = Debug|Any CPU
		Release|Any CPU = Release|Any CPU
	EndGlobalSection
	GlobalSection(ProjectConfigurationPlatforms) = postSolution
		{1E1EE61A-AE58-4127-9E54-9C2A7AC9DC70}.Debug|Any CPU.ActiveCfg = Debug|Any CPU
		{1E1EE61A-AE58-4127-9E54-9C2A7AC9DC70}.Debug|Any CPU.Build.0 = Debug|Any CPU
		{1E1EE61A-AE58-4127-9E54-9C2A7AC9DC70}.Release|Any CPU.ActiveCfg = Release|Any CPU
		{1E1EE61A-AE58-4127-9E54-9C2A7AC9DC70}.Release|Any CPU.Build.0 = Release|Any CPU
	EndGlobalSection
	GlobalSection(SolutionProperties) = preSolution
		HideSolutionNode = FALSE
	EndGlobalSection
	GlobalSection(ExtensibilityGlobals) = postSolution
		SolutionGuid = {E59375BF-200A-447A-9051-9058437AD2EE}
	EndGlobalSection
EndGlobal
